{
  "name": "data-mapping",
  "version": "1.0.0",
  "lockfileVersion": 3,
  "requires": true,
  "packages": {
    "": {
      "name": "data-mapping",
      "version": "1.0.0",
      "license": "ISC",
      "dependencies": {
        "sqlstring-sqlite": "^0.1.1"
      }
    },
    "node_modules/sqlstring-sqlite": {
      "version": "0.1.1",
      "resolved": "https://registry.npmjs.org/sqlstring-sqlite/-/sqlstring-sqlite-0.1.1.tgz",
      "integrity": "sha512-9CAYUJ0lEUPYJrswqiqdINNSfq3jqWo/bFJ7tufdoNeSK0Fy+d1kFTxjqO9PIqza0Kri+ZtYMfPVf1aZaFOvrQ==",
      "license": "MIT",
      "engines": {
        "node": ">= 0.6"
      }
    }
  }
}
